
Microsoft Visual Studio Solution File, Format Version 12.00
# Visual Studio Version 17
VisualStudioVersion = 17.5.002.0
MinimumVisualStudioVersion = 10.0.40219.1
Project("{2150E333-8FDC-42A3-9474-1A3956D46DE8}") = "Intermediate", "Intermediate", "{E3F284A5-0462-45D4-8EEC-6DE4B4AAED91}"
EndProject
Project("{2150E333-8FDC-42A3-9474-1A3956D46DE8}") = "Build", "Build", "{E44CB3F2-6604-4B68-B171-FFB132E2A529}"
EndProject
Project("{2150E333-8FDC-42A3-9474-1A3956D46DE8}") = "BuildRulesProjects", "BuildRulesProjects", "{68E9797F-38FF-40E4-9001-79E91F2B0E40}"
EndProject
Project("{9A19103F-16F7-4668-BE54-9A1E7A4F7556}") = "PondModuleRules", "Intermediate\Build\BuildRulesProjects\PondModuleRules\PondModuleRules.csproj", "{C93CF471-B05C-4414-9233-7A95ECCB9496}"
EndProject
Global
	GlobalSection(SolutionConfigurationPlatforms) = preSolution
		Debug|Any CPU = Debug|Any CPU
		Release|Any CPU = Release|Any CPU
	EndGlobalSection
	GlobalSection(ProjectConfigurationPlatforms) = postSolution
		{C93CF471-B05C-4414-9233-7A95ECCB9496}.Debug|Any CPU.ActiveCfg = Debug|Any CPU
		{C93CF471-B05C-4414-9233-7A95ECCB9496}.Debug|Any CPU.Build.0 = Debug|Any CPU
		{C93CF471-B05C-4414-9233-7A95ECCB9496}.Release|Any CPU.ActiveCfg = Release|Any CPU
		{C93CF471-B05C-4414-9233-7A95ECCB9496}.Release|Any CPU.Build.0 = Release|Any CPU
	EndGlobalSection
	GlobalSection(SolutionProperties) = preSolution
		HideSolutionNode = FALSE
	EndGlobalSection
	GlobalSection(NestedProjects) = preSolution
		{E44CB3F2-6604-4B68-B171-FFB132E2A529} = {E3F284A5-0462-45D4-8EEC-6DE4B4AAED91}
		{68E9797F-38FF-40E4-9001-79E91F2B0E40} = {E44CB3F2-6604-4B68-B171-FFB132E2A529}
		{C93CF471-B05C-4414-9233-7A95ECCB9496} = {68E9797F-38FF-40E4-9001-79E91F2B0E40}
	EndGlobalSection
	GlobalSection(ExtensibilityGlobals) = postSolution
		SolutionGuid = {E394BAB6-20F6-404E-8AF1-17BAB573C532}
	EndGlobalSection
EndGlobal
